
Microsoft Visual Studio Solution File, Format Version 12.00
# Visual Studio 15
VisualStudioVersion = 15.0.26124.0
MinimumVisualStudioVersion = 15.0.26124.0
Project("{2150E333-8FDC-42A3-9474-1A3956D46DE8}") = "src", "src", "{8F96926C-E018-4550-98D5-12225DFA4FB6}"
EndProject
Project("{FAE04EC0-301F-11D3-BF4B-00C04F79EFBC}") = "SimpleAPI", "src\SimpleAPI\SimpleAPI.csproj", "{5C8874D6-A255-4062-870F-A59F4EF1DBA6}"
EndProject
Project("{2150E333-8FDC-42A3-9474-1A3956D46DE8}") = "test", "test", "{B4789ACB-4261-4844-86E5-A003D5E7FD34}"
EndProject
Project("{FAE04EC0-301F-11D3-BF4B-00C04F79EFBC}") = "SimpleAPI.Test", "test\SimpleAPI.Test\SimpleAPI.Test.csproj", "{09171877-5979-43A8-AF09-F27085F5C983}"
EndProject
Global
	GlobalSection(SolutionConfigurationPlatforms) = preSolution
		Debug|Any CPU = Debug|Any CPU
		Debug|x64 = Debug|x64
		Debug|x86 = Debug|x86
		Release|Any CPU = Release|Any CPU
		Release|x64 = Release|x64
		Release|x86 = Release|x86
	EndGlobalSection
	GlobalSection(SolutionProperties) = preSolution
		HideSolutionNode = FALSE
	EndGlobalSection
	GlobalSection(ProjectConfigurationPlatforms) = postSolution
		{5C8874D6-A255-4062-870F-A59F4EF1DBA6}.Debug|Any CPU.ActiveCfg = Debug|Any CPU
		{5C8874D6-A255-4062-870F-A59F4EF1DBA6}.Debug|Any CPU.Build.0 = Debug|Any CPU
		{5C8874D6-A255-4062-870F-A59F4EF1DBA6}.Debug|x64.ActiveCfg = Debug|Any CPU
		{5C8874D6-A255-4062-870F-A59F4EF1DBA6}.Debug|x64.Build.0 = Debug|Any CPU
		{5C8874D6-A255-4062-870F-A59F4EF1DBA6}.Debug|x86.ActiveCfg = Debug|Any CPU
		{5C8874D6-A255-4062-870F-A59F4EF1DBA6}.Debug|x86.Build.0 = Debug|Any CPU
		{5C8874D6-A255-4062-870F-A59F4EF1DBA6}.Release|Any CPU.ActiveCfg = Release|Any CPU
		{5C8874D6-A255-4062-870F-A59F4EF1DBA6}.Release|Any CPU.Build.0 = Release|Any CPU
		{5C8874D6-A255-4062-870F-A59F4EF1DBA6}.Release|x64.ActiveCfg = Release|Any CPU
		{5C8874D6-A255-4062-870F-A59F4EF1DBA6}.Release|x64.Build.0 = Release|Any CPU
		{5C8874D6-A255-4062-870F-A59F4EF1DBA6}.Release|x86.ActiveCfg = Release|Any CPU
		{5C8874D6-A255-4062-870F-A59F4EF1DBA6}.Release|x86.Build.0 = Release|Any CPU
		{09171877-5979-43A8-AF09-F27085F5C983}.Debug|Any CPU.ActiveCfg = Debug|Any CPU
		{09171877-5979-43A8-AF09-F27085F5C983}.Debug|Any CPU.Build.0 = Debug|Any CPU
		{09171877-5979-43A8-AF09-F27085F5C983}.Debug|x64.ActiveCfg = Debug|Any CPU
		{09171877-5979-43A8-AF09-F27085F5C983}.Debug|x64.Build.0 = Debug|Any CPU
		{09171877-5979-43A8-AF09-F27085F5C983}.Debug|x86.ActiveCfg = Debug|Any CPU
		{09171877-5979-43A8-AF09-F27085F5C983}.Debug|x86.Build.0 = Debug|Any CPU
		{09171877-5979-43A8-AF09-F27085F5C983}.Release|Any CPU.ActiveCfg = Release|Any CPU
		{09171877-5979-43A8-AF09-F27085F5C983}.Release|Any CPU.Build.0 = Release|Any CPU
		{09171877-5979-43A8-AF09-F27085F5C983}.Release|x64.ActiveCfg = Release|Any CPU
		{09171877-5979-43A8-AF09-F27085F5C983}.Release|x64.Build.0 = Release|Any CPU
		{09171877-5979-43A8-AF09-F27085F5C983}.Release|x86.ActiveCfg = Release|Any CPU
		{09171877-5979-43A8-AF09-F27085F5C983}.Release|x86.Build.0 = Release|Any CPU
	EndGlobalSection
	GlobalSection(NestedProjects) = preSolution
		{5C8874D6-A255-4062-870F-A59F4EF1DBA6} = {8F96926C-E018-4550-98D5-12225DFA4FB6}
		{09171877-5979-43A8-AF09-F27085F5C983} = {B4789ACB-4261-4844-86E5-A003D5E7FD34}
	EndGlobalSection
EndGlobal
